
Microsoft Visual Studio Solution File, Format Version 11.00
# Visual Studio 2010
Project("{FAE04EC0-301F-11D3-BF4B-00C04F79EFBC}") = "SevenDigital.Messaging", "src\SevenDigital.Messaging\SevenDigital.Messaging.csproj", "{703B2D01-1D82-4249-979E-2A9EE5BE27AF}"
EndProject
Project("{FAE04EC0-301F-11D3-BF4B-00C04F79EFBC}") = "SevenDigital.Messaging.Unit.Tests", "SevenDigital.Messaging.Unit.Tests\SevenDigital.Messaging.Unit.Tests.csproj", "{1578F154-1C86-4A00-881C-CB7517C594AE}"
EndProject
Global
	GlobalSection(SolutionConfigurationPlatforms) = preSolution
		Debug|Any CPU = Debug|Any CPU
		Release|Any CPU = Release|Any CPU
	EndGlobalSection
	GlobalSection(ProjectConfigurationPlatforms) = postSolution
		{703B2D01-1D82-4249-979E-2A9EE5BE27AF}.Debug|Any CPU.ActiveCfg = Debug|Any CPU
		{703B2D01-1D82-4249-979E-2A9EE5BE27AF}.Debug|Any CPU.Build.0 = Debug|Any CPU
		{703B2D01-1D82-4249-979E-2A9EE5BE27AF}.Release|Any CPU.ActiveCfg = Release|Any CPU
		{703B2D01-1D82-4249-979E-2A9EE5BE27AF}.Release|Any CPU.Build.0 = Release|Any CPU
		{1578F154-1C86-4A00-881C-CB7517C594AE}.Debug|Any CPU.ActiveCfg = Debug|Any CPU
		{1578F154-1C86-4A00-881C-CB7517C594AE}.Debug|Any CPU.Build.0 = Debug|Any CPU
		{1578F154-1C86-4A00-881C-CB7517C594AE}.Release|Any CPU.ActiveCfg = Release|Any CPU
		{1578F154-1C86-4A00-881C-CB7517C594AE}.Release|Any CPU.Build.0 = Release|Any CPU
	EndGlobalSection
	GlobalSection(SolutionProperties) = preSolution
		HideSolutionNode = FALSE
	EndGlobalSection
EndGlobal
